
Microsoft Visual Studio Solution File, Format Version 12.00
# Visual Studio 16
Project("{FAE04EC0-301F-11D3-BF4B-00C04F79EFBC}") = "Assembly-CSharp", "Assembly-CSharp.csproj", "{17F4743C-8BE8-8496-733A-4E9442A85110}"
EndProject
Project("{FAE04EC0-301F-11D3-BF4B-00C04F79EFBC}") = "Assembly-CSharp-Editor", "Assembly-CSharp-Editor.csproj", "{866C739D-66F2-74A3-5B5B-6E36E24DB343}"
EndProject
Global
	GlobalSection(SolutionConfigurationPlatforms) = preSolution
		Debug|Any CPU = Debug|Any CPU
		Release|Any CPU = Release|Any CPU
	EndGlobalSection
	GlobalSection(ProjectConfigurationPlatforms) = postSolution
		{17F4743C-8BE8-8496-733A-4E9442A85110}.Debug|Any CPU.ActiveCfg = Debug|Any CPU
		{17F4743C-8BE8-8496-733A-4E9442A85110}.Debug|Any CPU.Build.0 = Debug|Any CPU
		{17F4743C-8BE8-8496-733A-4E9442A85110}.Release|Any CPU.ActiveCfg = Release|Any CPU
		{17F4743C-8BE8-8496-733A-4E9442A85110}.Release|Any CPU.Build.0 = Release|Any CPU
		{866C739D-66F2-74A3-5B5B-6E36E24DB343}.Debug|Any CPU.ActiveCfg = Debug|Any CPU
		{866C739D-66F2-74A3-5B5B-6E36E24DB343}.Debug|Any CPU.Build.0 = Debug|Any CPU
		{866C739D-66F2-74A3-5B5B-6E36E24DB343}.Release|Any CPU.ActiveCfg = Release|Any CPU
		{866C739D-66F2-74A3-5B5B-6E36E24DB343}.Release|Any CPU.Build.0 = Release|Any CPU
	EndGlobalSection
	GlobalSection(SolutionProperties) = preSolution
		HideSolutionNode = FALSE
	EndGlobalSection
EndGlobal
